
Microsoft Visual Studio Solution File, Format Version 12.00
# Visual Studio Version 17
VisualStudioVersion = 17.6.33801.468
MinimumVisualStudioVersion = 10.0.40219.1
Project("{FAE04EC0-301F-11D3-BF4B-00C04F79EFBC}") = "slots", "slots.csproj", "{32102DC6-8BC5-42CC-A037-0CB92B85D502}"
EndProject
Global
	GlobalSection(SolutionConfigurationPlatforms) = preSolution
		Debug|Any CPU = Debug|Any CPU
		Release|Any CPU = Release|Any CPU
	EndGlobalSection
	GlobalSection(ProjectConfigurationPlatforms) = postSolution
		{32102DC6-8BC5-42CC-A037-0CB92B85D502}.Debug|Any CPU.ActiveCfg = Debug|Any CPU
		{32102DC6-8BC5-42CC-A037-0CB92B85D502}.Debug|Any CPU.Build.0 = Debug|Any CPU
		{32102DC6-8BC5-42CC-A037-0CB92B85D502}.Release|Any CPU.ActiveCfg = Release|Any CPU
		{32102DC6-8BC5-42CC-A037-0CB92B85D502}.Release|Any CPU.Build.0 = Release|Any CPU
	EndGlobalSection
	GlobalSection(SolutionProperties) = preSolution
		HideSolutionNode = FALSE
	EndGlobalSection
	GlobalSection(ExtensibilityGlobals) = postSolution
		SolutionGuid = {17227A6C-95E3-4D0A-AAAB-D758A670C75A}
	EndGlobalSection
EndGlobal
